# THIS IS AN AUTOGENERATED FILE. DO NOT EDIT THIS FILE DIRECTLY.
# yarn lockfile v1


react-hook-form@^6.15.5:
  version "6.15.5"
  resolved "https://registry.yarnpkg.com/react-hook-form/-/react-hook-form-6.15.5.tgz#c2578f9ce6a6df7b33015587d40cd880dc13e2db"
  integrity sha512-so2jEPYKdVk1olMo+HQ9D9n1hVzaPPFO4wsjgSeZ964R7q7CHsYRbVF0PGBi83FcycA5482WHflasdwLIUVENg==
